// !$*UTF8*$!
{
	archiveVersion = 1;
	classes = {
	};
	objectVersion = 56;
	objects = {

/* Begin PBXBuildFile section */
		001 /* ShortcutCycleApp.swift in Sources */ = {isa = PBXBuildFile; fileRef = 101 /* ShortcutCycleApp.swift */; };
		002 /* AppItem.swift in Sources */ = {isa = PBXBuildFile; fileRef = 102 /* AppItem.swift */; };
		003 /* AppGroup.swift in Sources */ = {isa = PBXBuildFile; fileRef = 103 /* AppGroup.swift */; };
		004 /* GroupStore.swift in Sources */ = {isa = PBXBuildFile; fileRef = 104 /* GroupStore.swift */; };
		005 /* AccessibilityHelper.swift in Sources */ = {isa = PBXBuildFile; fileRef = 105 /* AccessibilityHelper.swift */; };
		006 /* AppSwitcher.swift in Sources */ = {isa = PBXBuildFile; fileRef = 106 /* AppSwitcher.swift */; };
		007 /* ShortcutManager.swift in Sources */ = {isa = PBXBuildFile; fileRef = 107 /* ShortcutManager.swift */; };
		008 /* ShortcutRecorderView.swift in Sources */ = {isa = PBXBuildFile; fileRef = 108 /* ShortcutRecorderView.swift */; };
		009 /* AppDropZoneView.swift in Sources */ = {isa = PBXBuildFile; fileRef = 109 /* AppDropZoneView.swift */; };
		010 /* GroupEditView.swift in Sources */ = {isa = PBXBuildFile; fileRef = 110 /* GroupEditView.swift */; };
		011 /* GroupListView.swift in Sources */ = {isa = PBXBuildFile; fileRef = 111 /* GroupListView.swift */; };
		012 /* MainView.swift in Sources */ = {isa = PBXBuildFile; fileRef = 112 /* MainView.swift */; };
		013 /* MenuBarView.swift in Sources */ = {isa = PBXBuildFile; fileRef = 113 /* MenuBarView.swift */; };
		014 /* Assets.xcassets in Resources */ = {isa = PBXBuildFile; fileRef = 114 /* Assets.xcassets */; };
		015 /* LaunchAtLoginManager.swift in Sources */ = {isa = PBXBuildFile; fileRef = 116 /* LaunchAtLoginManager.swift */; };
		016 /* SettingsExport.swift in Sources */ = {isa = PBXBuildFile; fileRef = 117 /* SettingsExport.swift */; };
		017 /* CloudSyncManager.swift in Sources */ = {isa = PBXBuildFile; fileRef = 118 /* CloudSyncManager.swift */; };
/* End PBXBuildFile section */

/* Begin PBXFileReference section */
		100 /* ShortcutCycle.app */ = {isa = PBXFileReference; explicitFileType = wrapper.application; includeInIndex = 0; path = ShortcutCycle.app; sourceTree = BUILT_PRODUCTS_DIR; };
		101 /* ShortcutCycleApp.swift */ = {isa = PBXFileReference; lastKnownFileType = sourcecode.swift; path = ShortcutCycleApp.swift; sourceTree = "<group>"; };
		102 /* AppItem.swift */ = {isa = PBXFileReference; lastKnownFileType = sourcecode.swift; path = AppItem.swift; sourceTree = "<group>"; };
		103 /* AppGroup.swift */ = {isa = PBXFileReference; lastKnownFileType = sourcecode.swift; path = AppGroup.swift; sourceTree = "<group>"; };
		104 /* GroupStore.swift */ = {isa = PBXFileReference; lastKnownFileType = sourcecode.swift; path = GroupStore.swift; sourceTree = "<group>"; };
		105 /* AccessibilityHelper.swift */ = {isa = PBXFileReference; lastKnownFileType = sourcecode.swift; path = AccessibilityHelper.swift; sourceTree = "<group>"; };
		106 /* AppSwitcher.swift */ = {isa = PBXFileReference; lastKnownFileType = sourcecode.swift; path = AppSwitcher.swift; sourceTree = "<group>"; };
		107 /* ShortcutManager.swift */ = {isa = PBXFileReference; lastKnownFileType = sourcecode.swift; path = ShortcutManager.swift; sourceTree = "<group>"; };
		108 /* ShortcutRecorderView.swift */ = {isa = PBXFileReference; lastKnownFileType = sourcecode.swift; path = ShortcutRecorderView.swift; sourceTree = "<group>"; };
		109 /* AppDropZoneView.swift */ = {isa = PBXFileReference; lastKnownFileType = sourcecode.swift; path = AppDropZoneView.swift; sourceTree = "<group>"; };
		110 /* GroupEditView.swift */ = {isa = PBXFileReference; lastKnownFileType = sourcecode.swift; path = GroupEditView.swift; sourceTree = "<group>"; };
		111 /* GroupListView.swift */ = {isa = PBXFileReference; lastKnownFileType = sourcecode.swift; path = GroupListView.swift; sourceTree = "<group>"; };
		112 /* MainView.swift */ = {isa = PBXFileReference; lastKnownFileType = sourcecode.swift; path = MainView.swift; sourceTree = "<group>"; };
		113 /* MenuBarView.swift */ = {isa = PBXFileReference; lastKnownFileType = sourcecode.swift; path = MenuBarView.swift; sourceTree = "<group>"; };
		114 /* Assets.xcassets */ = {isa = PBXFileReference; lastKnownFileType = folder.assetcatalog; path = Assets.xcassets; sourceTree = "<group>"; };
		115 /* ShortcutCycle.entitlements */ = {isa = PBXFileReference; lastKnownFileType = text.plist.entitlements; path = ShortcutCycle.entitlements; sourceTree = "<group>"; };
		116 /* LaunchAtLoginManager.swift */ = {isa = PBXFileReference; lastKnownFileType = sourcecode.swift; path = LaunchAtLoginManager.swift; sourceTree = "<group>"; };
		117 /* SettingsExport.swift */ = {isa = PBXFileReference; lastKnownFileType = sourcecode.swift; path = SettingsExport.swift; sourceTree = "<group>"; };
		118 /* CloudSyncManager.swift */ = {isa = PBXFileReference; lastKnownFileType = sourcecode.swift; path = CloudSyncManager.swift; sourceTree = "<group>"; };
/* End PBXFileReference section */

/* Begin PBXFrameworksBuildPhase section */
		200 /* Frameworks */ = {
			isa = PBXFrameworksBuildPhase;
			buildActionMask = 2147483647;
			files = (
			);
			runOnlyForDeploymentPostprocessing = 0;
		};
/* End PBXFrameworksBuildPhase section */

/* Begin PBXGroup section */
		300 = {
			isa = PBXGroup;
			children = (
				301 /* ShortcutCycle */,
				302 /* Products */,
			);
			sourceTree = "<group>";
		};
		301 /* ShortcutCycle */ = {
			isa = PBXGroup;
			children = (
				101 /* ShortcutCycleApp.swift */,
				303 /* Models */,
				304 /* Services */,
				305 /* Views */,
				114 /* Assets.xcassets */,
				115 /* ShortcutCycle.entitlements */,
			);
			path = ShortcutCycle;
			sourceTree = "<group>";
		};
		302 /* Products */ = {
			isa = PBXGroup;
			children = (
				100 /* ShortcutCycle.app */,
			);
			name = Products;
			sourceTree = "<group>";
		};
		303 /* Models */ = {
			isa = PBXGroup;
			children = (
				102 /* AppItem.swift */,
				103 /* AppGroup.swift */,
				104 /* GroupStore.swift */,
				117 /* SettingsExport.swift */,
			);
			path = Models;
			sourceTree = "<group>";
		};
		304 /* Services */ = {
			isa = PBXGroup;
			children = (
				105 /* AccessibilityHelper.swift */,
				106 /* AppSwitcher.swift */,
				118 /* CloudSyncManager.swift */,
				116 /* LaunchAtLoginManager.swift */,
				107 /* ShortcutManager.swift */,
			);
			path = Services;
			sourceTree = "<group>";
		};
		305 /* Views */ = {
			isa = PBXGroup;
			children = (
				108 /* ShortcutRecorderView.swift */,
				109 /* AppDropZoneView.swift */,
				110 /* GroupEditView.swift */,
				111 /* GroupListView.swift */,
				112 /* MainView.swift */,
				113 /* MenuBarView.swift */,
			);
			path = Views;
			sourceTree = "<group>";
		};
/* End PBXGroup section */

/* Begin PBXNativeTarget section */
		400 /* ShortcutCycle */ = {
			isa = PBXNativeTarget;
			buildConfigurationList = 500 /* Build configuration list for PBXNativeTarget "ShortcutCycle" */;
			buildPhases = (
				401 /* Sources */,
				200 /* Frameworks */,
				402 /* Resources */,
			);
			buildRules = (
			);
			dependencies = (
			);
			name = ShortcutCycle;
			productName = ShortcutCycle;
			productReference = 100 /* ShortcutCycle.app */;
			productType = "com.apple.product-type.application";
		};
/* End PBXNativeTarget section */

/* Begin PBXProject section */
		600 /* Project object */ = {
			isa = PBXProject;
			attributes = {
				BuildIndependentTargetsInParallel = 1;
				LastSwiftUpdateCheck = 1500;
				LastUpgradeCheck = 1500;
				TargetAttributes = {
					400 = {
						CreatedOnToolsVersion = 15.0;
					};
				};
			};
			buildConfigurationList = 601 /* Build configuration list for PBXProject "ShortcutCycle" */;
			compatibilityVersion = "Xcode 14.0";
			developmentRegion = en;
			hasScannedForEncodings = 0;
			knownRegions = (
				en,
				Base,
			);
			mainGroup = 300;
			productRefGroup = 302 /* Products */;
			projectDirPath = "";
			projectRoot = "";
			targets = (
				400 /* ShortcutCycle */,
			);
		};
/* End PBXProject section */

/* Begin PBXResourcesBuildPhase section */
		402 /* Resources */ = {
			isa = PBXResourcesBuildPhase;
			buildActionMask = 2147483647;
			files = (
				014 /* Assets.xcassets in Resources */,
			);
			runOnlyForDeploymentPostprocessing = 0;
		};
/* End PBXResourcesBuildPhase section */

/* Begin PBXSourcesBuildPhase section */
		401 /* Sources */ = {
			isa = PBXSourcesBuildPhase;
			buildActionMask = 2147483647;
			files = (
				001 /* ShortcutCycleApp.swift in Sources */,
				002 /* AppItem.swift in Sources */,
				003 /* AppGroup.swift in Sources */,
				004 /* GroupStore.swift in Sources */,
				005 /* AccessibilityHelper.swift in Sources */,
				006 /* AppSwitcher.swift in Sources */,
				007 /* ShortcutManager.swift in Sources */,
				008 /* ShortcutRecorderView.swift in Sources */,
				009 /* AppDropZoneView.swift in Sources */,
				010 /* GroupEditView.swift in Sources */,
				011 /* GroupListView.swift in Sources */,
				012 /* MainView.swift in Sources */,
				013 /* MenuBarView.swift in Sources */,
				015 /* LaunchAtLoginManager.swift in Sources */,
				016 /* SettingsExport.swift in Sources */,
				/* 017 CloudSyncManager.swift in Sources - Temporarily disabled */
			);
			runOnlyForDeploymentPostprocessing = 0;
		};
/* End PBXSourcesBuildPhase section */

/* Begin XCBuildConfiguration section */
		700 /* Debug */ = {
			isa = XCBuildConfiguration;
			buildSettings = {
				ALWAYS_SEARCH_USER_PATHS = NO;
				ASSETCATALOG_COMPILER_GENERATE_SWIFT_ASSET_SYMBOL_EXTENSIONS = YES;
				CLANG_ANALYZER_NONNULL = YES;
				CLANG_ANALYZER_NUMBER_OBJECT_CONVERSION = YES_AGGRESSIVE;
				CLANG_CXX_LANGUAGE_STANDARD = "gnu++20";
				CLANG_ENABLE_MODULES = YES;
				CLANG_ENABLE_OBJC_ARC = YES;
				CLANG_ENABLE_OBJC_WEAK = YES;
				CLANG_WARN_BLOCK_CAPTURE_AUTORELEASING = YES;
				CLANG_WARN_BOOL_CONVERSION = YES;
				CLANG_WARN_COMMA = YES;
				CLANG_WARN_CONSTANT_CONVERSION = YES;
				CLANG_WARN_DEPRECATED_OBJC_IMPLEMENTATIONS = YES;
				CLANG_WARN_DIRECT_OBJC_ISA_USAGE = YES_ERROR;
				CLANG_WARN_DOCUMENTATION_COMMENTS = YES;
				CLANG_WARN_EMPTY_BODY = YES;
				CLANG_WARN_ENUM_CONVERSION = YES;
				CLANG_WARN_INFINITE_RECURSION = YES;
				CLANG_WARN_INT_CONVERSION = YES;
				CLANG_WARN_NON_LITERAL_NULL_CONVERSION = YES;
				CLANG_WARN_OBJC_IMPLICIT_RETAIN_SELF = YES;
				CLANG_WARN_OBJC_LITERAL_CONVERSION = YES;
				CLANG_WARN_OBJC_ROOT_CLASS = YES_ERROR;
				CLANG_WARN_QUOTED_INCLUDE_IN_FRAMEWORK_HEADER = YES;
				CLANG_WARN_RANGE_LOOP_ANALYSIS = YES;
				CLANG_WARN_STRICT_PROTOTYPES = YES;
				CLANG_WARN_SUSPICIOUS_MOVE = YES;
				CLANG_WARN_UNGUARDED_AVAILABILITY = YES_AGGRESSIVE;
				CLANG_WARN_UNREACHABLE_CODE = YES;
				CLANG_WARN__DUPLICATE_METHOD_MATCH = YES;
				COPY_PHASE_STRIP = NO;
				DEBUG_INFORMATION_FORMAT = dwarf;
				ENABLE_STRICT_OBJC_MSGSEND = YES;
				ENABLE_TESTABILITY = YES;
				ENABLE_USER_SCRIPT_SANDBOXING = YES;
				GCC_C_LANGUAGE_STANDARD = gnu17;
				GCC_DYNAMIC_NO_PIC = NO;
				GCC_NO_COMMON_BLOCKS = YES;
				GCC_OPTIMIZATION_LEVEL = 0;
				GCC_PREPROCESSOR_DEFINITIONS = (
					"DEBUG=1",
					"$(inherited)",
				);
				GCC_WARN_64_TO_32_BIT_CONVERSION = YES;
				GCC_WARN_ABOUT_RETURN_TYPE = YES_ERROR;
				GCC_WARN_UNDECLARED_SELECTOR = YES;
				GCC_WARN_UNINITIALIZED_AUTOS = YES_AGGRESSIVE;
				GCC_WARN_UNUSED_FUNCTION = YES;
				GCC_WARN_UNUSED_VARIABLE = YES;
				MACOSX_DEPLOYMENT_TARGET = 14.0;
				MTL_ENABLE_DEBUG_INFO = INCLUDE_SOURCE;
				MTL_FAST_MATH = YES;
				ONLY_ACTIVE_ARCH = YES;
				SDKROOT = macosx;
				SWIFT_ACTIVE_COMPILATION_CONDITIONS = "DEBUG $(inherited)";
				SWIFT_OPTIMIZATION_LEVEL = "-Onone";
			};
			name = Debug;
		};
		701 /* Release */ = {
			isa = XCBuildConfiguration;
			buildSettings = {
				ALWAYS_SEARCH_USER_PATHS = NO;
				ASSETCATALOG_COMPILER_GENERATE_SWIFT_ASSET_SYMBOL_EXTENSIONS = YES;
				CLANG_ANALYZER_NONNULL = YES;
				CLANG_ANALYZER_NUMBER_OBJECT_CONVERSION = YES_AGGRESSIVE;
				CLANG_CXX_LANGUAGE_STANDARD = "gnu++20";
				CLANG_ENABLE_MODULES = YES;
				CLANG_ENABLE_OBJC_ARC = YES;
				CLANG_ENABLE_OBJC_WEAK = YES;
				CLANG_WARN_BLOCK_CAPTURE_AUTORELEASING = YES;
				CLANG_WARN_BOOL_CONVERSION = YES;
				CLANG_WARN_COMMA = YES;
				CLANG_WARN_CONSTANT_CONVERSION = YES;
				CLANG_WARN_DEPRECATED_OBJC_IMPLEMENTATIONS = YES;
				CLANG_WARN_DIRECT_OBJC_ISA_USAGE = YES_ERROR;
				CLANG_WARN_DOCUMENTATION_COMMENTS = YES;
				CLANG_WARN_EMPTY_BODY = YES;
				CLANG_WARN_ENUM_CONVERSION = YES;
				CLANG_WARN_INFINITE_RECURSION = YES;
				CLANG_WARN_INT_CONVERSION = YES;
				CLANG_WARN_NON_LITERAL_NULL_CONVERSION = YES;
				CLANG_WARN_OBJC_IMPLICIT_RETAIN_SELF = YES;
				CLANG_WARN_OBJC_LITERAL_CONVERSION = YES;
				CLANG_WARN_OBJC_ROOT_CLASS = YES_ERROR;
				CLANG_WARN_QUOTED_INCLUDE_IN_FRAMEWORK_HEADER = YES;
				CLANG_WARN_RANGE_LOOP_ANALYSIS = YES;
				CLANG_WARN_STRICT_PROTOTYPES = YES;
				CLANG_WARN_SUSPICIOUS_MOVE = YES;
				CLANG_WARN_UNGUARDED_AVAILABILITY = YES_AGGRESSIVE;
				CLANG_WARN_UNREACHABLE_CODE = YES;
				CLANG_WARN__DUPLICATE_METHOD_MATCH = YES;
				COPY_PHASE_STRIP = NO;
				DEBUG_INFORMATION_FORMAT = "dwarf-with-dsym";
				ENABLE_NS_ASSERTIONS = NO;
				ENABLE_STRICT_OBJC_MSGSEND = YES;
				ENABLE_USER_SCRIPT_SANDBOXING = YES;
				GCC_C_LANGUAGE_STANDARD = gnu17;
				GCC_NO_COMMON_BLOCKS = YES;
				GCC_WARN_64_TO_32_BIT_CONVERSION = YES;
				GCC_WARN_ABOUT_RETURN_TYPE = YES_ERROR;
				GCC_WARN_UNDECLARED_SELECTOR = YES;
				GCC_WARN_UNINITIALIZED_AUTOS = YES_AGGRESSIVE;
				GCC_WARN_UNUSED_FUNCTION = YES;
				GCC_WARN_UNUSED_VARIABLE = YES;
				MACOSX_DEPLOYMENT_TARGET = 14.0;
				MTL_ENABLE_DEBUG_INFO = NO;
				MTL_FAST_MATH = YES;
				SDKROOT = macosx;
				SWIFT_COMPILATION_MODE = wholemodule;
			};
			name = Release;
		};
		702 /* Debug */ = {
			isa = XCBuildConfiguration;
			buildSettings = {
				ASSETCATALOG_COMPILER_APPICON_NAME = AppIcon;
				ASSETCATALOG_COMPILER_GLOBAL_ACCENT_COLOR_NAME = AccentColor;
				CODE_SIGN_ENTITLEMENTS = ShortcutCycle/ShortcutCycle.entitlements;
				"CODE_SIGN_IDENTITY[sdk=macosx*]" = "Apple Development";
				CODE_SIGN_STYLE = Automatic;
				COMBINE_HIDPI_IMAGES = YES;
				CURRENT_PROJECT_VERSION = 1;
				DEVELOPMENT_TEAM = 5736QK4NZX;
				ENABLE_HARDENED_RUNTIME = YES;
				GENERATE_INFOPLIST_FILE = YES;
				INFOPLIST_KEY_LSApplicationCategoryType = "public.app-category.utilities";
				INFOPLIST_KEY_LSUIElement = YES;
				INFOPLIST_KEY_NSHumanReadableCopyright = "";
				LD_RUNPATH_SEARCH_PATHS = (
					"$(inherited)",
					"@executable_path/../Frameworks",
				);
				MARKETING_VERSION = 1.0;
				PRODUCT_BUNDLE_IDENTIFIER = com.xcv58.ShortcutCycle;
				PRODUCT_NAME = "$(TARGET_NAME)";
				SWIFT_EMIT_LOC_STRINGS = YES;
				SWIFT_VERSION = 5.0;
			};
			name = Debug;
		};
		703 /* Release */ = {
			isa = XCBuildConfiguration;
			buildSettings = {
				ASSETCATALOG_COMPILER_APPICON_NAME = AppIcon;
				ASSETCATALOG_COMPILER_GLOBAL_ACCENT_COLOR_NAME = AccentColor;
				CODE_SIGN_ENTITLEMENTS = ShortcutCycle/ShortcutCycle.entitlements;
				"CODE_SIGN_IDENTITY[sdk=macosx*]" = "Apple Development";
				CODE_SIGN_STYLE = Automatic;
				COMBINE_HIDPI_IMAGES = YES;
				CURRENT_PROJECT_VERSION = 1;
				DEVELOPMENT_TEAM = 5736QK4NZX;
				ENABLE_HARDENED_RUNTIME = YES;
				GENERATE_INFOPLIST_FILE = YES;
				INFOPLIST_KEY_LSApplicationCategoryType = "public.app-category.utilities";
				INFOPLIST_KEY_LSUIElement = YES;
				INFOPLIST_KEY_NSHumanReadableCopyright = "";
				LD_RUNPATH_SEARCH_PATHS = (
					"$(inherited)",
					"@executable_path/../Frameworks",
				);
				MARKETING_VERSION = 1.0;
				PRODUCT_BUNDLE_IDENTIFIER = com.xcv58.ShortcutCycle;
				PRODUCT_NAME = "$(TARGET_NAME)";
				SWIFT_EMIT_LOC_STRINGS = YES;
				SWIFT_VERSION = 5.0;
			};
			name = Release;
		};
/* End XCBuildConfiguration section */

/* Begin XCConfigurationList section */
		500 /* Build configuration list for PBXNativeTarget "ShortcutCycle" */ = {
			isa = XCConfigurationList;
			buildConfigurations = (
				702 /* Debug */,
				703 /* Release */,
			);
			defaultConfigurationIsVisible = 0;
			defaultConfigurationName = Release;
		};
		601 /* Build configuration list for PBXProject "ShortcutCycle" */ = {
			isa = XCConfigurationList;
			buildConfigurations = (
				700 /* Debug */,
				701 /* Release */,
			);
			defaultConfigurationIsVisible = 0;
			defaultConfigurationName = Release;
		};
/* End XCConfigurationList section */
	};
	rootObject = 600 /* Project object */;
}
