// !$*UTF8*$!
{
	archiveVersion = 1;
	classes = {
	};
	objectVersion = 70;
	objects = {

/* Begin PBXBuildFile section */
		017 /* KeyboardShortcuts in Frameworks */ = {isa = PBXBuildFile; productRef = 901 /* KeyboardShortcuts */; };
		DF88A3762F300B110042E749 /* HUDManager.swift in Sources */ = {isa = PBXBuildFile; fileRef = DF88A3542F300B110042E749 /* HUDManager.swift */; };
		DF88A3772F300B110042E749 /* ShortcutCycleApp.swift in Sources */ = {isa = PBXBuildFile; fileRef = DF88A3742F300B110042E749 /* ShortcutCycleApp.swift */; };
		DF88A3782F300B110042E749 /* GroupEditView.swift in Sources */ = {isa = PBXBuildFile; fileRef = DF88A36D2F300B110042E749 /* GroupEditView.swift */; };
		DF88A3792F300B110042E749 /* GeneralSettingsView.swift in Sources */ = {isa = PBXBuildFile; fileRef = DF88A3682F300B110042E749 /* GeneralSettingsView.swift */; };
		DF88A37A2F300B110042E749 /* GroupListView.swift in Sources */ = {isa = PBXBuildFile; fileRef = DF88A36E2F300B110042E749 /* GroupListView.swift */; };
		DF88A37B2F300B110042E749 /* AppGroup.swift in Sources */ = {isa = PBXBuildFile; fileRef = DF88A3392F300B110042E749 /* AppGroup.swift */; };
		DF88A37C2F300B110042E749 /* LanguageManager.swift in Sources */ = {isa = PBXBuildFile; fileRef = DF88A3562F300B110042E749 /* LanguageManager.swift */; };
		DF88A37D2F300B110042E749 /* GroupStore.swift in Sources */ = {isa = PBXBuildFile; fileRef = DF88A33B2F300B110042E749 /* GroupStore.swift */; };
		DF88A37E2F300B110042E749 /* HUDPreviewView.swift in Sources */ = {isa = PBXBuildFile; fileRef = DF88A36A2F300B110042E749 /* HUDPreviewView.swift */; };
		DF88A37F2F300B110042E749 /* GroupSettingsView.swift in Sources */ = {isa = PBXBuildFile; fileRef = DF88A3692F300B110042E749 /* GroupSettingsView.swift */; };
		DF88A3802F300B110042E749 /* AppSwitcherHUDView.swift in Sources */ = {isa = PBXBuildFile; fileRef = DF88A3532F300B110042E749 /* AppSwitcherHUDView.swift */; };
		DF88A3812F300B110042E749 /* MainView.swift in Sources */ = {isa = PBXBuildFile; fileRef = DF88A36F2F300B110042E749 /* MainView.swift */; };
		DF88A3822F300B110042E749 /* AppSwitcher.swift in Sources */ = {isa = PBXBuildFile; fileRef = DF88A35A2F300B110042E749 /* AppSwitcher.swift */; };
		DF88A3832F300B110042E749 /* HUDAppItem.swift in Sources */ = {isa = PBXBuildFile; fileRef = DF88A33C2F300B110042E749 /* HUDAppItem.swift */; };
		DF88A3842F300B110042E749 /* AppItem.swift in Sources */ = {isa = PBXBuildFile; fileRef = DF88A33A2F300B110042E749 /* AppItem.swift */; };
		DF88A3852F300B110042E749 /* LaunchAtLoginManager.swift in Sources */ = {isa = PBXBuildFile; fileRef = DF88A35B2F300B110042E749 /* LaunchAtLoginManager.swift */; };
		DF88A3862F300B110042E749 /* MenuBarView.swift in Sources */ = {isa = PBXBuildFile; fileRef = DF88A3702F300B110042E749 /* MenuBarView.swift */; };
		DF88A3872F300B110042E749 /* IconCache.swift in Sources */ = {isa = PBXBuildFile; fileRef = DF88A3512F300B110042E749 /* IconCache.swift */; };
		DF88A3882F300B110042E749 /* LaunchOverlayManager.swift in Sources */ = {isa = PBXBuildFile; fileRef = DF88A3582F300B110042E749 /* LaunchOverlayManager.swift */; };
		DF88A3892F300B110042E749 /* String+Localization.swift in Sources */ = {isa = PBXBuildFile; fileRef = DF88A3372F300B110042E749 /* String+Localization.swift */; };
		DF88A38A2F300B110042E749 /* AppDropZoneView.swift in Sources */ = {isa = PBXBuildFile; fileRef = DF88A36C2F300B110042E749 /* AppDropZoneView.swift */; };
		DF88A38B2F300B110042E749 /* KeyboardShortcutsNames.swift in Sources */ = {isa = PBXBuildFile; fileRef = DF88A33D2F300B110042E749 /* KeyboardShortcutsNames.swift */; };
		DF88A38C2F300B110042E749 /* ShortcutManager.swift in Sources */ = {isa = PBXBuildFile; fileRef = DF88A35C2F300B110042E749 /* ShortcutManager.swift */; };
		DF88A38D2F300B110042E749 /* SettingsExport.swift in Sources */ = {isa = PBXBuildFile; fileRef = DF88A33E2F300B110042E749 /* SettingsExport.swift */; };
		DF88A38E2F300B110042E749 /* Localizable.strings in Resources */ = {isa = PBXBuildFile; fileRef = DF88A34F2F300B110042E749 /* Localizable.strings */; };
		DF88A38F2F300B110042E749 /* Assets.xcassets in Resources */ = {isa = PBXBuildFile; fileRef = DF88A3722F300B110042E749 /* Assets.xcassets */; };
		DF88A3902F300C3B0042E749 /* ShortcutCycleApp.swift in Sources */ = {isa = PBXBuildFile; fileRef = DF88A3742F300B110042E749 /* ShortcutCycleApp.swift */; };
		DF88A3912F300C640042E749 /* HUDPreviewView.swift in Sources */ = {isa = PBXBuildFile; fileRef = DF88A36A2F300B110042E749 /* HUDPreviewView.swift */; };
		DF88A3922F300C640042E749 /* GroupSettingsView.swift in Sources */ = {isa = PBXBuildFile; fileRef = DF88A3692F300B110042E749 /* GroupSettingsView.swift */; };
		DF88A3932F300C640042E749 /* GeneralSettingsView.swift in Sources */ = {isa = PBXBuildFile; fileRef = DF88A3682F300B110042E749 /* GeneralSettingsView.swift */; };
		DF88A3942F300C6A0042E749 /* GroupEditView.swift in Sources */ = {isa = PBXBuildFile; fileRef = DF88A36D2F300B110042E749 /* GroupEditView.swift */; };
		DF88A3952F300C6A0042E749 /* MainView.swift in Sources */ = {isa = PBXBuildFile; fileRef = DF88A36F2F300B110042E749 /* MainView.swift */; };
		DF88A3962F300C6A0042E749 /* MenuBarView.swift in Sources */ = {isa = PBXBuildFile; fileRef = DF88A3702F300B110042E749 /* MenuBarView.swift */; };
		DF88A3972F300C6A0042E749 /* AppDropZoneView.swift in Sources */ = {isa = PBXBuildFile; fileRef = DF88A36C2F300B110042E749 /* AppDropZoneView.swift */; };
		DF88A3982F300C6A0042E749 /* GroupListView.swift in Sources */ = {isa = PBXBuildFile; fileRef = DF88A36E2F300B110042E749 /* GroupListView.swift */; };
		DF88A3992F300C7A0042E749 /* String+Localization.swift in Sources */ = {isa = PBXBuildFile; fileRef = DF88A3372F300B110042E749 /* String+Localization.swift */; };
		DF88A39A2F300C800042E749 /* HUDAppItem.swift in Sources */ = {isa = PBXBuildFile; fileRef = DF88A33C2F300B110042E749 /* HUDAppItem.swift */; };
		DF88A39B2F300C800042E749 /* SettingsExport.swift in Sources */ = {isa = PBXBuildFile; fileRef = DF88A33E2F300B110042E749 /* SettingsExport.swift */; };
		DF88A39C2F300C800042E749 /* AppGroup.swift in Sources */ = {isa = PBXBuildFile; fileRef = DF88A3392F300B110042E749 /* AppGroup.swift */; };
		DF88A39D2F300C800042E749 /* KeyboardShortcutsNames.swift in Sources */ = {isa = PBXBuildFile; fileRef = DF88A33D2F300B110042E749 /* KeyboardShortcutsNames.swift */; };
		DF88A39E2F300C800042E749 /* AppItem.swift in Sources */ = {isa = PBXBuildFile; fileRef = DF88A33A2F300B110042E749 /* AppItem.swift */; };
		DF88A39F2F300C800042E749 /* GroupStore.swift in Sources */ = {isa = PBXBuildFile; fileRef = DF88A33B2F300B110042E749 /* GroupStore.swift */; };
		DF88A3A02F300C860042E749 /* Localizable.strings in Resources */ = {isa = PBXBuildFile; fileRef = DF88A34F2F300B110042E749 /* Localizable.strings */; };
		DF88A3A12F300C8C0042E749 /* IconCache.swift in Sources */ = {isa = PBXBuildFile; fileRef = DF88A3512F300B110042E749 /* IconCache.swift */; };
		DF88A3A22F300C910042E749 /* AppSwitcherHUDView.swift in Sources */ = {isa = PBXBuildFile; fileRef = DF88A3532F300B110042E749 /* AppSwitcherHUDView.swift */; };
		DF88A3A32F300C910042E749 /* HUDManager.swift in Sources */ = {isa = PBXBuildFile; fileRef = DF88A3542F300B110042E749 /* HUDManager.swift */; };
		DF88A3A42F300C960042E749 /* LanguageManager.swift in Sources */ = {isa = PBXBuildFile; fileRef = DF88A3562F300B110042E749 /* LanguageManager.swift */; };
		DF88A3A52F300C9B0042E749 /* LaunchOverlayManager.swift in Sources */ = {isa = PBXBuildFile; fileRef = DF88A3582F300B110042E749 /* LaunchOverlayManager.swift */; };
		DF88A3A62F300CA00042E749 /* LaunchAtLoginManager.swift in Sources */ = {isa = PBXBuildFile; fileRef = DF88A35B2F300B110042E749 /* LaunchAtLoginManager.swift */; };
		DF88A3A72F300CA00042E749 /* ShortcutManager.swift in Sources */ = {isa = PBXBuildFile; fileRef = DF88A35C2F300B110042E749 /* ShortcutManager.swift */; };
		DF88A3A82F300CA00042E749 /* AppSwitcher.swift in Sources */ = {isa = PBXBuildFile; fileRef = DF88A35A2F300B110042E749 /* AppSwitcher.swift */; };
/* End PBXBuildFile section */

/* Begin PBXContainerItemProxy section */
		DF8B47DB2F2F090100C473F8 /* PBXContainerItemProxy */ = {
			isa = PBXContainerItemProxy;
			containerPortal = 600 /* Project object */;
			proxyType = 1;
			remoteGlobalIDString = 400;
			remoteInfo = ShortcutCycle;
		};
/* End PBXContainerItemProxy section */

/* Begin PBXFileReference section */
		100 /* ShortcutCycle.app */ = {isa = PBXFileReference; explicitFileType = wrapper.application; includeInIndex = 0; path = ShortcutCycle.app; sourceTree = BUILT_PRODUCTS_DIR; };
		DF88A3372F300B110042E749 /* String+Localization.swift */ = {isa = PBXFileReference; lastKnownFileType = sourcecode.swift; path = "String+Localization.swift"; sourceTree = "<group>"; };
		DF88A3392F300B110042E749 /* AppGroup.swift */ = {isa = PBXFileReference; lastKnownFileType = sourcecode.swift; path = AppGroup.swift; sourceTree = "<group>"; };
		DF88A33A2F300B110042E749 /* AppItem.swift */ = {isa = PBXFileReference; lastKnownFileType = sourcecode.swift; path = AppItem.swift; sourceTree = "<group>"; };
		DF88A33B2F300B110042E749 /* GroupStore.swift */ = {isa = PBXFileReference; lastKnownFileType = sourcecode.swift; path = GroupStore.swift; sourceTree = "<group>"; };
		DF88A33C2F300B110042E749 /* HUDAppItem.swift */ = {isa = PBXFileReference; lastKnownFileType = sourcecode.swift; path = HUDAppItem.swift; sourceTree = "<group>"; };
		DF88A33D2F300B110042E749 /* KeyboardShortcutsNames.swift */ = {isa = PBXFileReference; lastKnownFileType = sourcecode.swift; path = KeyboardShortcutsNames.swift; sourceTree = "<group>"; };
		DF88A33E2F300B110042E749 /* SettingsExport.swift */ = {isa = PBXFileReference; lastKnownFileType = sourcecode.swift; path = SettingsExport.swift; sourceTree = "<group>"; };
		DF88A3402F300B110042E749 /* en */ = {isa = PBXFileReference; lastKnownFileType = text.plist.strings; name = en; path = en.lproj/Localizable.strings; sourceTree = "<group>"; };
		DF88A3412F300B110042E749 /* ar */ = {isa = PBXFileReference; lastKnownFileType = text.plist.strings; name = ar; path = ar.lproj/Localizable.strings; sourceTree = "<group>"; };
		DF88A3422F300B110042E749 /* de */ = {isa = PBXFileReference; lastKnownFileType = text.plist.strings; name = de; path = de.lproj/Localizable.strings; sourceTree = "<group>"; };
		DF88A3432F300B110042E749 /* es */ = {isa = PBXFileReference; lastKnownFileType = text.plist.strings; name = es; path = es.lproj/Localizable.strings; sourceTree = "<group>"; };
		DF88A3442F300B110042E749 /* fr */ = {isa = PBXFileReference; lastKnownFileType = text.plist.strings; name = fr; path = fr.lproj/Localizable.strings; sourceTree = "<group>"; };
		DF88A3452F300B110042E749 /* it */ = {isa = PBXFileReference; lastKnownFileType = text.plist.strings; name = it; path = it.lproj/Localizable.strings; sourceTree = "<group>"; };
		DF88A3462F300B110042E749 /* ja */ = {isa = PBXFileReference; lastKnownFileType = text.plist.strings; name = ja; path = ja.lproj/Localizable.strings; sourceTree = "<group>"; };
		DF88A3472F300B110042E749 /* ko */ = {isa = PBXFileReference; lastKnownFileType = text.plist.strings; name = ko; path = ko.lproj/Localizable.strings; sourceTree = "<group>"; };
		DF88A3482F300B110042E749 /* nl */ = {isa = PBXFileReference; lastKnownFileType = text.plist.strings; name = nl; path = nl.lproj/Localizable.strings; sourceTree = "<group>"; };
		DF88A3492F300B110042E749 /* pl */ = {isa = PBXFileReference; lastKnownFileType = text.plist.strings; name = pl; path = pl.lproj/Localizable.strings; sourceTree = "<group>"; };
		DF88A34A2F300B110042E749 /* pt-BR */ = {isa = PBXFileReference; lastKnownFileType = text.plist.strings; name = "pt-BR"; path = "pt-BR.lproj/Localizable.strings"; sourceTree = "<group>"; };
		DF88A34B2F300B110042E749 /* ru */ = {isa = PBXFileReference; lastKnownFileType = text.plist.strings; name = ru; path = ru.lproj/Localizable.strings; sourceTree = "<group>"; };
		DF88A34C2F300B110042E749 /* tr */ = {isa = PBXFileReference; lastKnownFileType = text.plist.strings; name = tr; path = tr.lproj/Localizable.strings; sourceTree = "<group>"; };
		DF88A34D2F300B110042E749 /* zh-Hans */ = {isa = PBXFileReference; lastKnownFileType = text.plist.strings; name = "zh-Hans"; path = "zh-Hans.lproj/Localizable.strings"; sourceTree = "<group>"; };
		DF88A34E2F300B110042E749 /* zh-Hant */ = {isa = PBXFileReference; lastKnownFileType = text.plist.strings; name = "zh-Hant"; path = "zh-Hant.lproj/Localizable.strings"; sourceTree = "<group>"; };
		DF88A3512F300B110042E749 /* IconCache.swift */ = {isa = PBXFileReference; lastKnownFileType = sourcecode.swift; path = IconCache.swift; sourceTree = "<group>"; };
		DF88A3532F300B110042E749 /* AppSwitcherHUDView.swift */ = {isa = PBXFileReference; lastKnownFileType = sourcecode.swift; path = AppSwitcherHUDView.swift; sourceTree = "<group>"; };
		DF88A3542F300B110042E749 /* HUDManager.swift */ = {isa = PBXFileReference; lastKnownFileType = sourcecode.swift; path = HUDManager.swift; sourceTree = "<group>"; };
		DF88A3562F300B110042E749 /* LanguageManager.swift */ = {isa = PBXFileReference; lastKnownFileType = sourcecode.swift; path = LanguageManager.swift; sourceTree = "<group>"; };
		DF88A3582F300B110042E749 /* LaunchOverlayManager.swift */ = {isa = PBXFileReference; lastKnownFileType = sourcecode.swift; path = LaunchOverlayManager.swift; sourceTree = "<group>"; };
		DF88A35A2F300B110042E749 /* AppSwitcher.swift */ = {isa = PBXFileReference; lastKnownFileType = sourcecode.swift; path = AppSwitcher.swift; sourceTree = "<group>"; };
		DF88A35B2F300B110042E749 /* LaunchAtLoginManager.swift */ = {isa = PBXFileReference; lastKnownFileType = sourcecode.swift; path = LaunchAtLoginManager.swift; sourceTree = "<group>"; };
		DF88A35C2F300B110042E749 /* ShortcutManager.swift */ = {isa = PBXFileReference; lastKnownFileType = sourcecode.swift; path = ShortcutManager.swift; sourceTree = "<group>"; };
		DF88A3682F300B110042E749 /* GeneralSettingsView.swift */ = {isa = PBXFileReference; lastKnownFileType = sourcecode.swift; path = GeneralSettingsView.swift; sourceTree = "<group>"; };
		DF88A3692F300B110042E749 /* GroupSettingsView.swift */ = {isa = PBXFileReference; lastKnownFileType = sourcecode.swift; path = GroupSettingsView.swift; sourceTree = "<group>"; };
		DF88A36A2F300B110042E749 /* HUDPreviewView.swift */ = {isa = PBXFileReference; lastKnownFileType = sourcecode.swift; path = HUDPreviewView.swift; sourceTree = "<group>"; };
		DF88A36C2F300B110042E749 /* AppDropZoneView.swift */ = {isa = PBXFileReference; lastKnownFileType = sourcecode.swift; path = AppDropZoneView.swift; sourceTree = "<group>"; };
		DF88A36D2F300B110042E749 /* GroupEditView.swift */ = {isa = PBXFileReference; lastKnownFileType = sourcecode.swift; path = GroupEditView.swift; sourceTree = "<group>"; };
		DF88A36E2F300B110042E749 /* GroupListView.swift */ = {isa = PBXFileReference; lastKnownFileType = sourcecode.swift; path = GroupListView.swift; sourceTree = "<group>"; };
		DF88A36F2F300B110042E749 /* MainView.swift */ = {isa = PBXFileReference; lastKnownFileType = sourcecode.swift; path = MainView.swift; sourceTree = "<group>"; };
		DF88A3702F300B110042E749 /* MenuBarView.swift */ = {isa = PBXFileReference; lastKnownFileType = sourcecode.swift; path = MenuBarView.swift; sourceTree = "<group>"; };
		DF88A3722F300B110042E749 /* Assets.xcassets */ = {isa = PBXFileReference; lastKnownFileType = folder.assetcatalog; path = Assets.xcassets; sourceTree = "<group>"; };
		DF88A3732F300B110042E749 /* ShortcutCycle.entitlements */ = {isa = PBXFileReference; lastKnownFileType = text.plist.entitlements; path = ShortcutCycle.entitlements; sourceTree = "<group>"; };
		DF88A3742F300B110042E749 /* ShortcutCycleApp.swift */ = {isa = PBXFileReference; lastKnownFileType = sourcecode.swift; path = ShortcutCycleApp.swift; sourceTree = "<group>"; };
		DF8B47D72F2F090100C473F8 /* ShortcutCycleTests.xctest */ = {isa = PBXFileReference; explicitFileType = wrapper.cfbundle; includeInIndex = 0; path = ShortcutCycleTests.xctest; sourceTree = BUILT_PRODUCTS_DIR; };
/* End PBXFileReference section */

/* Begin PBXFileSystemSynchronizedRootGroup section */
		DF8B47D82F2F090100C473F8 /* ShortcutCycleTests */ = {isa = PBXFileSystemSynchronizedRootGroup; explicitFileTypes = {}; explicitFolders = (); path = ShortcutCycleTests; sourceTree = "<group>"; };
/* End PBXFileSystemSynchronizedRootGroup section */

/* Begin PBXFrameworksBuildPhase section */
		200 /* Frameworks */ = {
			isa = PBXFrameworksBuildPhase;
			buildActionMask = 2147483647;
			files = (
				017 /* KeyboardShortcuts in Frameworks */,
			);
			runOnlyForDeploymentPostprocessing = 0;
		};
		DF8B47D42F2F090100C473F8 /* Frameworks */ = {
			isa = PBXFrameworksBuildPhase;
			buildActionMask = 2147483647;
			files = (
			);
			runOnlyForDeploymentPostprocessing = 0;
		};
/* End PBXFrameworksBuildPhase section */

/* Begin PBXGroup section */
		300 = {
			isa = PBXGroup;
			children = (
				DF88A3752F300B110042E749 /* ShortcutCycle */,
				DF8B47D82F2F090100C473F8 /* ShortcutCycleTests */,
				302 /* Products */,
			);
			sourceTree = "<group>";
		};
		302 /* Products */ = {
			isa = PBXGroup;
			children = (
				100 /* ShortcutCycle.app */,
				DF8B47D72F2F090100C473F8 /* ShortcutCycleTests.xctest */,
			);
			name = Products;
			sourceTree = "<group>";
		};
		DF88A3382F300B110042E749 /* Extensions */ = {
			isa = PBXGroup;
			children = (
				DF88A3372F300B110042E749 /* String+Localization.swift */,
			);
			path = Extensions;
			sourceTree = "<group>";
		};
		DF88A33F2F300B110042E749 /* Models */ = {
			isa = PBXGroup;
			children = (
				DF88A3392F300B110042E749 /* AppGroup.swift */,
				DF88A33A2F300B110042E749 /* AppItem.swift */,
				DF88A33B2F300B110042E749 /* GroupStore.swift */,
				DF88A33C2F300B110042E749 /* HUDAppItem.swift */,
				DF88A33D2F300B110042E749 /* KeyboardShortcutsNames.swift */,
				DF88A33E2F300B110042E749 /* SettingsExport.swift */,
			);
			path = Models;
			sourceTree = "<group>";
		};
		DF88A3502F300B110042E749 /* Resources */ = {
			isa = PBXGroup;
			children = (
				DF88A34F2F300B110042E749 /* Localizable.strings */,
			);
			path = Resources;
			sourceTree = "<group>";
		};
		DF88A3522F300B110042E749 /* AppSwitcher */ = {
			isa = PBXGroup;
			children = (
				DF88A3512F300B110042E749 /* IconCache.swift */,
			);
			path = AppSwitcher;
			sourceTree = "<group>";
		};
		DF88A3552F300B110042E749 /* HUD */ = {
			isa = PBXGroup;
			children = (
				DF88A3532F300B110042E749 /* AppSwitcherHUDView.swift */,
				DF88A3542F300B110042E749 /* HUDManager.swift */,
			);
			path = HUD;
			sourceTree = "<group>";
		};
		DF88A3572F300B110042E749 /* Managers */ = {
			isa = PBXGroup;
			children = (
				DF88A3562F300B110042E749 /* LanguageManager.swift */,
			);
			path = Managers;
			sourceTree = "<group>";
		};
		DF88A3592F300B110042E749 /* Overlay */ = {
			isa = PBXGroup;
			children = (
				DF88A3582F300B110042E749 /* LaunchOverlayManager.swift */,
			);
			path = Overlay;
			sourceTree = "<group>";
		};
		DF88A35D2F300B110042E749 /* Services */ = {
			isa = PBXGroup;
			children = (
				DF88A3522F300B110042E749 /* AppSwitcher */,
				DF88A3552F300B110042E749 /* HUD */,
				DF88A3572F300B110042E749 /* Managers */,
				DF88A3592F300B110042E749 /* Overlay */,
				DF88A35A2F300B110042E749 /* AppSwitcher.swift */,
				DF88A35B2F300B110042E749 /* LaunchAtLoginManager.swift */,
				DF88A35C2F300B110042E749 /* ShortcutManager.swift */,
			);
			path = Services;
			sourceTree = "<group>";
		};
		DF88A35E2F300B110042E749 /* Extensions */ = {
			isa = PBXGroup;
			children = (
			);
			path = Extensions;
			sourceTree = "<group>";
		};
		DF88A35F2F300B110042E749 /* AppSwitcher */ = {
			isa = PBXGroup;
			children = (
			);
			path = AppSwitcher;
			sourceTree = "<group>";
		};
		DF88A3602F300B110042E749 /* Managers */ = {
			isa = PBXGroup;
			children = (
			);
			path = Managers;
			sourceTree = "<group>";
		};
		DF88A3612F300B110042E749 /* Services */ = {
			isa = PBXGroup;
			children = (
				DF88A35F2F300B110042E749 /* AppSwitcher */,
				DF88A3602F300B110042E749 /* Managers */,
			);
			path = Services;
			sourceTree = "<group>";
		};
		DF88A3622F300B110042E749 /* Components */ = {
			isa = PBXGroup;
			children = (
			);
			path = Components;
			sourceTree = "<group>";
		};
		DF88A3632F300B110042E749 /* HUD */ = {
			isa = PBXGroup;
			children = (
			);
			path = HUD;
			sourceTree = "<group>";
		};
		DF88A3642F300B110042E749 /* Settings */ = {
			isa = PBXGroup;
			children = (
			);
			path = Settings;
			sourceTree = "<group>";
		};
		DF88A3652F300B110042E749 /* Views */ = {
			isa = PBXGroup;
			children = (
				DF88A3622F300B110042E749 /* Components */,
				DF88A3632F300B110042E749 /* HUD */,
				DF88A3642F300B110042E749 /* Settings */,
			);
			path = Views;
			sourceTree = "<group>";
		};
		DF88A3662F300B110042E749 /* ShortcutCycle */ = {
			isa = PBXGroup;
			children = (
				DF88A35E2F300B110042E749 /* Extensions */,
				DF88A3612F300B110042E749 /* Services */,
				DF88A3652F300B110042E749 /* Views */,
			);
			path = ShortcutCycle;
			sourceTree = "<group>";
		};
		DF88A3672F300B110042E749 /* Components */ = {
			isa = PBXGroup;
			children = (
			);
			path = Components;
			sourceTree = "<group>";
		};
		DF88A36B2F300B110042E749 /* Settings */ = {
			isa = PBXGroup;
			children = (
				DF88A3682F300B110042E749 /* GeneralSettingsView.swift */,
				DF88A3692F300B110042E749 /* GroupSettingsView.swift */,
				DF88A36A2F300B110042E749 /* HUDPreviewView.swift */,
			);
			path = Settings;
			sourceTree = "<group>";
		};
		DF88A3712F300B110042E749 /* Views */ = {
			isa = PBXGroup;
			children = (
				DF88A3672F300B110042E749 /* Components */,
				DF88A36B2F300B110042E749 /* Settings */,
				DF88A36C2F300B110042E749 /* AppDropZoneView.swift */,
				DF88A36D2F300B110042E749 /* GroupEditView.swift */,
				DF88A36E2F300B110042E749 /* GroupListView.swift */,
				DF88A36F2F300B110042E749 /* MainView.swift */,
				DF88A3702F300B110042E749 /* MenuBarView.swift */,
			);
			path = Views;
			sourceTree = "<group>";
		};
		DF88A3752F300B110042E749 /* ShortcutCycle */ = {
			isa = PBXGroup;
			children = (
				DF88A3382F300B110042E749 /* Extensions */,
				DF88A33F2F300B110042E749 /* Models */,
				DF88A3502F300B110042E749 /* Resources */,
				DF88A35D2F300B110042E749 /* Services */,
				DF88A3662F300B110042E749 /* ShortcutCycle */,
				DF88A3712F300B110042E749 /* Views */,
				DF88A3722F300B110042E749 /* Assets.xcassets */,
				DF88A3732F300B110042E749 /* ShortcutCycle.entitlements */,
				DF88A3742F300B110042E749 /* ShortcutCycleApp.swift */,
			);
			path = ShortcutCycle;
			sourceTree = "<group>";
		};
/* End PBXGroup section */

/* Begin PBXNativeTarget section */
		400 /* ShortcutCycle */ = {
			isa = PBXNativeTarget;
			buildConfigurationList = 500 /* Build configuration list for PBXNativeTarget "ShortcutCycle" */;
			buildPhases = (
				401 /* Sources */,
				200 /* Frameworks */,
				402 /* Resources */,
			);
			buildRules = (
			);
			dependencies = (
			);
			name = ShortcutCycle;
			packageProductDependencies = (
				901 /* KeyboardShortcuts */,
			);
			productName = ShortcutCycle;
			productReference = 100 /* ShortcutCycle.app */;
			productType = "com.apple.product-type.application";
		};
		DF8B47D62F2F090100C473F8 /* ShortcutCycleTests */ = {
			isa = PBXNativeTarget;
			buildConfigurationList = DF8B47DF2F2F090100C473F8 /* Build configuration list for PBXNativeTarget "ShortcutCycleTests" */;
			buildPhases = (
				DF8B47D32F2F090100C473F8 /* Sources */,
				DF8B47D42F2F090100C473F8 /* Frameworks */,
				DF8B47D52F2F090100C473F8 /* Resources */,
			);
			buildRules = (
			);
			dependencies = (
				DF8B47DC2F2F090100C473F8 /* PBXTargetDependency */,
			);
			fileSystemSynchronizedGroups = (
				DF8B47D82F2F090100C473F8 /* ShortcutCycleTests */,
			);
			name = ShortcutCycleTests;
			packageProductDependencies = (
			);
			productName = ShortcutCycleTests;
			productReference = DF8B47D72F2F090100C473F8 /* ShortcutCycleTests.xctest */;
			productType = "com.apple.product-type.bundle.unit-test";
		};
/* End PBXNativeTarget section */

/* Begin PBXProject section */
		600 /* Project object */ = {
			isa = PBXProject;
			attributes = {
				BuildIndependentTargetsInParallel = 1;
				LastSwiftUpdateCheck = 2620;
				LastUpgradeCheck = 1500;
				TargetAttributes = {
					400 = {
						CreatedOnToolsVersion = 15.0;
					};
					DF8B47D62F2F090100C473F8 = {
						CreatedOnToolsVersion = 26.2;
						TestTargetID = 400;
					};
				};
			};
			buildConfigurationList = 601 /* Build configuration list for PBXProject "ShortcutCycle" */;
			compatibilityVersion = "Xcode 14.0";
			developmentRegion = en;
			hasScannedForEncodings = 0;
			knownRegions = (
				en,
				Base,
				de,
				ar,
				"zh-Hans",
				ja,
				es,
				it,
				ko,
				"zh-Hant",
				tr,
				pl,
				"pt-BR",
				ru,
				fr,
				nl,
			);
			mainGroup = 300;
			packageReferences = (
				900 /* XCRemoteSwiftPackageReference "KeyboardShortcuts" */,
			);
			productRefGroup = 302 /* Products */;
			projectDirPath = "";
			projectRoot = "";
			targets = (
				400 /* ShortcutCycle */,
				DF8B47D62F2F090100C473F8 /* ShortcutCycleTests */,
			);
		};
/* End PBXProject section */

/* Begin PBXResourcesBuildPhase section */
		402 /* Resources */ = {
			isa = PBXResourcesBuildPhase;
			buildActionMask = 2147483647;
			files = (
				DF88A3A02F300C860042E749 /* Localizable.strings in Resources */,
			);
			runOnlyForDeploymentPostprocessing = 0;
		};
		DF8B47D52F2F090100C473F8 /* Resources */ = {
			isa = PBXResourcesBuildPhase;
			buildActionMask = 2147483647;
			files = (
				DF88A38E2F300B110042E749 /* Localizable.strings in Resources */,
				DF88A38F2F300B110042E749 /* Assets.xcassets in Resources */,
			);
			runOnlyForDeploymentPostprocessing = 0;
		};
/* End PBXResourcesBuildPhase section */

/* Begin PBXSourcesBuildPhase section */
		401 /* Sources */ = {
			isa = PBXSourcesBuildPhase;
			buildActionMask = 2147483647;
			files = (
				DF88A3912F300C640042E749 /* HUDPreviewView.swift in Sources */,
				DF88A39A2F300C800042E749 /* HUDAppItem.swift in Sources */,
				DF88A39B2F300C800042E749 /* SettingsExport.swift in Sources */,
				DF88A39C2F300C800042E749 /* AppGroup.swift in Sources */,
				DF88A3A62F300CA00042E749 /* LaunchAtLoginManager.swift in Sources */,
				DF88A3A72F300CA00042E749 /* ShortcutManager.swift in Sources */,
				DF88A3A82F300CA00042E749 /* AppSwitcher.swift in Sources */,
				DF88A39D2F300C800042E749 /* KeyboardShortcutsNames.swift in Sources */,
				DF88A39E2F300C800042E749 /* AppItem.swift in Sources */,
				DF88A39F2F300C800042E749 /* GroupStore.swift in Sources */,
				DF88A3A12F300C8C0042E749 /* IconCache.swift in Sources */,
				DF88A3922F300C640042E749 /* GroupSettingsView.swift in Sources */,
				DF88A3932F300C640042E749 /* GeneralSettingsView.swift in Sources */,
				DF88A3942F300C6A0042E749 /* GroupEditView.swift in Sources */,
				DF88A3952F300C6A0042E749 /* MainView.swift in Sources */,
				DF88A3962F300C6A0042E749 /* MenuBarView.swift in Sources */,
				DF88A3972F300C6A0042E749 /* AppDropZoneView.swift in Sources */,
				DF88A3A52F300C9B0042E749 /* LaunchOverlayManager.swift in Sources */,
				DF88A3A22F300C910042E749 /* AppSwitcherHUDView.swift in Sources */,
				DF88A3A32F300C910042E749 /* HUDManager.swift in Sources */,
				DF88A3982F300C6A0042E749 /* GroupListView.swift in Sources */,
				DF88A3902F300C3B0042E749 /* ShortcutCycleApp.swift in Sources */,
				DF88A3992F300C7A0042E749 /* String+Localization.swift in Sources */,
				DF88A3A42F300C960042E749 /* LanguageManager.swift in Sources */,
			);
			runOnlyForDeploymentPostprocessing = 0;
		};
		DF8B47D32F2F090100C473F8 /* Sources */ = {
			isa = PBXSourcesBuildPhase;
			buildActionMask = 2147483647;
			files = (
				DF88A3762F300B110042E749 /* HUDManager.swift in Sources */,
				DF88A3772F300B110042E749 /* ShortcutCycleApp.swift in Sources */,
				DF88A3782F300B110042E749 /* GroupEditView.swift in Sources */,
				DF88A3792F300B110042E749 /* GeneralSettingsView.swift in Sources */,
				DF88A37A2F300B110042E749 /* GroupListView.swift in Sources */,
				DF88A37B2F300B110042E749 /* AppGroup.swift in Sources */,
				DF88A37C2F300B110042E749 /* LanguageManager.swift in Sources */,
				DF88A37D2F300B110042E749 /* GroupStore.swift in Sources */,
				DF88A37E2F300B110042E749 /* HUDPreviewView.swift in Sources */,
				DF88A37F2F300B110042E749 /* GroupSettingsView.swift in Sources */,
				DF88A3802F300B110042E749 /* AppSwitcherHUDView.swift in Sources */,
				DF88A3812F300B110042E749 /* MainView.swift in Sources */,
				DF88A3822F300B110042E749 /* AppSwitcher.swift in Sources */,
				DF88A3832F300B110042E749 /* HUDAppItem.swift in Sources */,
				DF88A3842F300B110042E749 /* AppItem.swift in Sources */,
				DF88A3852F300B110042E749 /* LaunchAtLoginManager.swift in Sources */,
				DF88A3862F300B110042E749 /* MenuBarView.swift in Sources */,
				DF88A3872F300B110042E749 /* IconCache.swift in Sources */,
				DF88A3882F300B110042E749 /* LaunchOverlayManager.swift in Sources */,
				DF88A3892F300B110042E749 /* String+Localization.swift in Sources */,
				DF88A38A2F300B110042E749 /* AppDropZoneView.swift in Sources */,
				DF88A38B2F300B110042E749 /* KeyboardShortcutsNames.swift in Sources */,
				DF88A38C2F300B110042E749 /* ShortcutManager.swift in Sources */,
				DF88A38D2F300B110042E749 /* SettingsExport.swift in Sources */,
			);
			runOnlyForDeploymentPostprocessing = 0;
		};
/* End PBXSourcesBuildPhase section */

/* Begin PBXTargetDependency section */
		DF8B47DC2F2F090100C473F8 /* PBXTargetDependency */ = {
			isa = PBXTargetDependency;
			target = 400 /* ShortcutCycle */;
			targetProxy = DF8B47DB2F2F090100C473F8 /* PBXContainerItemProxy */;
		};
/* End PBXTargetDependency section */

/* Begin PBXVariantGroup section */
		DF88A34F2F300B110042E749 /* Localizable.strings */ = {
			isa = PBXVariantGroup;
			children = (
				DF88A3402F300B110042E749 /* en */,
				DF88A3412F300B110042E749 /* ar */,
				DF88A3422F300B110042E749 /* de */,
				DF88A3432F300B110042E749 /* es */,
				DF88A3442F300B110042E749 /* fr */,
				DF88A3452F300B110042E749 /* it */,
				DF88A3462F300B110042E749 /* ja */,
				DF88A3472F300B110042E749 /* ko */,
				DF88A3482F300B110042E749 /* nl */,
				DF88A3492F300B110042E749 /* pl */,
				DF88A34A2F300B110042E749 /* pt-BR */,
				DF88A34B2F300B110042E749 /* ru */,
				DF88A34C2F300B110042E749 /* tr */,
				DF88A34D2F300B110042E749 /* zh-Hans */,
				DF88A34E2F300B110042E749 /* zh-Hant */,
			);
			name = Localizable.strings;
			sourceTree = "<group>";
		};
/* End PBXVariantGroup section */

/* Begin XCBuildConfiguration section */
		700 /* Debug */ = {
			isa = XCBuildConfiguration;
			buildSettings = {
				ALWAYS_SEARCH_USER_PATHS = NO;
				ASSETCATALOG_COMPILER_GENERATE_SWIFT_ASSET_SYMBOL_EXTENSIONS = YES;
				CLANG_ANALYZER_NONNULL = YES;
				CLANG_ANALYZER_NUMBER_OBJECT_CONVERSION = YES_AGGRESSIVE;
				CLANG_CXX_LANGUAGE_STANDARD = "gnu++20";
				CLANG_ENABLE_MODULES = YES;
				CLANG_ENABLE_OBJC_ARC = YES;
				CLANG_ENABLE_OBJC_WEAK = YES;
				CLANG_WARN_BLOCK_CAPTURE_AUTORELEASING = YES;
				CLANG_WARN_BOOL_CONVERSION = YES;
				CLANG_WARN_COMMA = YES;
				CLANG_WARN_CONSTANT_CONVERSION = YES;
				CLANG_WARN_DEPRECATED_OBJC_IMPLEMENTATIONS = YES;
				CLANG_WARN_DIRECT_OBJC_ISA_USAGE = YES_ERROR;
				CLANG_WARN_DOCUMENTATION_COMMENTS = YES;
				CLANG_WARN_EMPTY_BODY = YES;
				CLANG_WARN_ENUM_CONVERSION = YES;
				CLANG_WARN_INFINITE_RECURSION = YES;
				CLANG_WARN_INT_CONVERSION = YES;
				CLANG_WARN_NON_LITERAL_NULL_CONVERSION = YES;
				CLANG_WARN_OBJC_IMPLICIT_RETAIN_SELF = YES;
				CLANG_WARN_OBJC_LITERAL_CONVERSION = YES;
				CLANG_WARN_OBJC_ROOT_CLASS = YES_ERROR;
				CLANG_WARN_QUOTED_INCLUDE_IN_FRAMEWORK_HEADER = YES;
				CLANG_WARN_RANGE_LOOP_ANALYSIS = YES;
				CLANG_WARN_STRICT_PROTOTYPES = YES;
				CLANG_WARN_SUSPICIOUS_MOVE = YES;
				CLANG_WARN_UNGUARDED_AVAILABILITY = YES_AGGRESSIVE;
				CLANG_WARN_UNREACHABLE_CODE = YES;
				CLANG_WARN__DUPLICATE_METHOD_MATCH = YES;
				COPY_PHASE_STRIP = NO;
				DEBUG_INFORMATION_FORMAT = dwarf;
				ENABLE_STRICT_OBJC_MSGSEND = YES;
				ENABLE_TESTABILITY = YES;
				ENABLE_USER_SCRIPT_SANDBOXING = YES;
				GCC_C_LANGUAGE_STANDARD = gnu17;
				GCC_DYNAMIC_NO_PIC = NO;
				GCC_NO_COMMON_BLOCKS = YES;
				GCC_OPTIMIZATION_LEVEL = 0;
				GCC_PREPROCESSOR_DEFINITIONS = (
					"DEBUG=1",
					"$(inherited)",
				);
				GCC_WARN_64_TO_32_BIT_CONVERSION = YES;
				GCC_WARN_ABOUT_RETURN_TYPE = YES_ERROR;
				GCC_WARN_UNDECLARED_SELECTOR = YES;
				GCC_WARN_UNINITIALIZED_AUTOS = YES_AGGRESSIVE;
				GCC_WARN_UNUSED_FUNCTION = YES;
				GCC_WARN_UNUSED_VARIABLE = YES;
				MACOSX_DEPLOYMENT_TARGET = 14.0;
				MTL_ENABLE_DEBUG_INFO = INCLUDE_SOURCE;
				MTL_FAST_MATH = YES;
				ONLY_ACTIVE_ARCH = YES;
				SDKROOT = macosx;
				SWIFT_ACTIVE_COMPILATION_CONDITIONS = "DEBUG $(inherited)";
				SWIFT_OPTIMIZATION_LEVEL = "-Onone";
			};
			name = Debug;
		};
		701 /* Release */ = {
			isa = XCBuildConfiguration;
			buildSettings = {
				ALWAYS_SEARCH_USER_PATHS = NO;
				ASSETCATALOG_COMPILER_GENERATE_SWIFT_ASSET_SYMBOL_EXTENSIONS = YES;
				CLANG_ANALYZER_NONNULL = YES;
				CLANG_ANALYZER_NUMBER_OBJECT_CONVERSION = YES_AGGRESSIVE;
				CLANG_CXX_LANGUAGE_STANDARD = "gnu++20";
				CLANG_ENABLE_MODULES = YES;
				CLANG_ENABLE_OBJC_ARC = YES;
				CLANG_ENABLE_OBJC_WEAK = YES;
				CLANG_WARN_BLOCK_CAPTURE_AUTORELEASING = YES;
				CLANG_WARN_BOOL_CONVERSION = YES;
				CLANG_WARN_COMMA = YES;
				CLANG_WARN_CONSTANT_CONVERSION = YES;
				CLANG_WARN_DEPRECATED_OBJC_IMPLEMENTATIONS = YES;
				CLANG_WARN_DIRECT_OBJC_ISA_USAGE = YES_ERROR;
				CLANG_WARN_DOCUMENTATION_COMMENTS = YES;
				CLANG_WARN_EMPTY_BODY = YES;
				CLANG_WARN_ENUM_CONVERSION = YES;
				CLANG_WARN_INFINITE_RECURSION = YES;
				CLANG_WARN_INT_CONVERSION = YES;
				CLANG_WARN_NON_LITERAL_NULL_CONVERSION = YES;
				CLANG_WARN_OBJC_IMPLICIT_RETAIN_SELF = YES;
				CLANG_WARN_OBJC_LITERAL_CONVERSION = YES;
				CLANG_WARN_OBJC_ROOT_CLASS = YES_ERROR;
				CLANG_WARN_QUOTED_INCLUDE_IN_FRAMEWORK_HEADER = YES;
				CLANG_WARN_RANGE_LOOP_ANALYSIS = YES;
				CLANG_WARN_STRICT_PROTOTYPES = YES;
				CLANG_WARN_SUSPICIOUS_MOVE = YES;
				CLANG_WARN_UNGUARDED_AVAILABILITY = YES_AGGRESSIVE;
				CLANG_WARN_UNREACHABLE_CODE = YES;
				CLANG_WARN__DUPLICATE_METHOD_MATCH = YES;
				COPY_PHASE_STRIP = NO;
				DEBUG_INFORMATION_FORMAT = "dwarf-with-dsym";
				ENABLE_NS_ASSERTIONS = NO;
				ENABLE_STRICT_OBJC_MSGSEND = YES;
				ENABLE_USER_SCRIPT_SANDBOXING = YES;
				GCC_C_LANGUAGE_STANDARD = gnu17;
				GCC_NO_COMMON_BLOCKS = YES;
				GCC_WARN_64_TO_32_BIT_CONVERSION = YES;
				GCC_WARN_ABOUT_RETURN_TYPE = YES_ERROR;
				GCC_WARN_UNDECLARED_SELECTOR = YES;
				GCC_WARN_UNINITIALIZED_AUTOS = YES_AGGRESSIVE;
				GCC_WARN_UNUSED_FUNCTION = YES;
				GCC_WARN_UNUSED_VARIABLE = YES;
				MACOSX_DEPLOYMENT_TARGET = 14.0;
				MTL_ENABLE_DEBUG_INFO = NO;
				MTL_FAST_MATH = YES;
				SDKROOT = macosx;
				SWIFT_COMPILATION_MODE = wholemodule;
			};
			name = Release;
		};
		702 /* Debug */ = {
			isa = XCBuildConfiguration;
			buildSettings = {
				ASSETCATALOG_COMPILER_APPICON_NAME = AppIcon;
				ASSETCATALOG_COMPILER_GLOBAL_ACCENT_COLOR_NAME = AccentColor;
				CODE_SIGN_ENTITLEMENTS = ShortcutCycle/ShortcutCycle.entitlements;
				"CODE_SIGN_IDENTITY[sdk=macosx*]" = "Apple Development";
				CODE_SIGN_STYLE = Automatic;
				COMBINE_HIDPI_IMAGES = YES;
				CURRENT_PROJECT_VERSION = 8;
				DEVELOPMENT_TEAM = 5736QK4NZX;
				ENABLE_HARDENED_RUNTIME = YES;
				GENERATE_INFOPLIST_FILE = YES;
				INFOPLIST_KEY_LSApplicationCategoryType = "public.app-category.utilities";
				INFOPLIST_KEY_LSUIElement = YES;
				INFOPLIST_KEY_NSHumanReadableCopyright = "";
				LD_RUNPATH_SEARCH_PATHS = (
					"$(inherited)",
					"@executable_path/../Frameworks",
				);
				MARKETING_VERSION = 1.1;
				PRODUCT_BUNDLE_IDENTIFIER = com.xcv58.ShortcutCycle;
				PRODUCT_NAME = "$(TARGET_NAME)";
				SWIFT_EMIT_LOC_STRINGS = YES;
				SWIFT_VERSION = 5.0;
			};
			name = Debug;
		};
		703 /* Release */ = {
			isa = XCBuildConfiguration;
			buildSettings = {
				ASSETCATALOG_COMPILER_APPICON_NAME = AppIcon;
				ASSETCATALOG_COMPILER_GLOBAL_ACCENT_COLOR_NAME = AccentColor;
				CODE_SIGN_ENTITLEMENTS = ShortcutCycle/ShortcutCycle.entitlements;
				"CODE_SIGN_IDENTITY[sdk=macosx*]" = "Apple Development";
				CODE_SIGN_STYLE = Automatic;
				COMBINE_HIDPI_IMAGES = YES;
				CURRENT_PROJECT_VERSION = 8;
				DEVELOPMENT_TEAM = 5736QK4NZX;
				ENABLE_HARDENED_RUNTIME = YES;
				GENERATE_INFOPLIST_FILE = YES;
				INFOPLIST_KEY_LSApplicationCategoryType = "public.app-category.utilities";
				INFOPLIST_KEY_LSUIElement = YES;
				INFOPLIST_KEY_NSHumanReadableCopyright = "";
				LD_RUNPATH_SEARCH_PATHS = (
					"$(inherited)",
					"@executable_path/../Frameworks",
				);
				MARKETING_VERSION = 1.1;
				PRODUCT_BUNDLE_IDENTIFIER = com.xcv58.ShortcutCycle;
				PRODUCT_NAME = "$(TARGET_NAME)";
				SWIFT_EMIT_LOC_STRINGS = YES;
				SWIFT_VERSION = 5.0;
			};
			name = Release;
		};
		DF8B47DD2F2F090100C473F8 /* Debug */ = {
			isa = XCBuildConfiguration;
			buildSettings = {
				BUNDLE_LOADER = "$(TEST_HOST)";
				CODE_SIGN_STYLE = Automatic;
				CURRENT_PROJECT_VERSION = 1;
				DEVELOPMENT_TEAM = 5736QK4NZX;
				GENERATE_INFOPLIST_FILE = YES;
				LOCALIZATION_PREFERS_STRING_CATALOGS = YES;
				MACOSX_DEPLOYMENT_TARGET = 26.2;
				MARKETING_VERSION = 1.0;
				PRODUCT_BUNDLE_IDENTIFIER = com.xcv58.ShortcutCycleTests;
				PRODUCT_NAME = "$(TARGET_NAME)";
				STRING_CATALOG_GENERATE_SYMBOLS = NO;
				SWIFT_APPROACHABLE_CONCURRENCY = YES;
				SWIFT_EMIT_LOC_STRINGS = NO;
				SWIFT_UPCOMING_FEATURE_MEMBER_IMPORT_VISIBILITY = YES;
				SWIFT_VERSION = 5.0;
				TEST_HOST = "$(BUILT_PRODUCTS_DIR)/ShortcutCycle.app/$(BUNDLE_EXECUTABLE_FOLDER_PATH)/ShortcutCycle";
			};
			name = Debug;
		};
		DF8B47DE2F2F090100C473F8 /* Release */ = {
			isa = XCBuildConfiguration;
			buildSettings = {
				BUNDLE_LOADER = "$(TEST_HOST)";
				CODE_SIGN_STYLE = Automatic;
				CURRENT_PROJECT_VERSION = 1;
				DEVELOPMENT_TEAM = 5736QK4NZX;
				GENERATE_INFOPLIST_FILE = YES;
				LOCALIZATION_PREFERS_STRING_CATALOGS = YES;
				MACOSX_DEPLOYMENT_TARGET = 26.2;
				MARKETING_VERSION = 1.0;
				PRODUCT_BUNDLE_IDENTIFIER = com.xcv58.ShortcutCycleTests;
				PRODUCT_NAME = "$(TARGET_NAME)";
				STRING_CATALOG_GENERATE_SYMBOLS = NO;
				SWIFT_APPROACHABLE_CONCURRENCY = YES;
				SWIFT_EMIT_LOC_STRINGS = NO;
				SWIFT_UPCOMING_FEATURE_MEMBER_IMPORT_VISIBILITY = YES;
				SWIFT_VERSION = 5.0;
				TEST_HOST = "$(BUILT_PRODUCTS_DIR)/ShortcutCycle.app/$(BUNDLE_EXECUTABLE_FOLDER_PATH)/ShortcutCycle";
			};
			name = Release;
		};
/* End XCBuildConfiguration section */

/* Begin XCConfigurationList section */
		500 /* Build configuration list for PBXNativeTarget "ShortcutCycle" */ = {
			isa = XCConfigurationList;
			buildConfigurations = (
				702 /* Debug */,
				703 /* Release */,
			);
			defaultConfigurationIsVisible = 0;
			defaultConfigurationName = Release;
		};
		601 /* Build configuration list for PBXProject "ShortcutCycle" */ = {
			isa = XCConfigurationList;
			buildConfigurations = (
				700 /* Debug */,
				701 /* Release */,
			);
			defaultConfigurationIsVisible = 0;
			defaultConfigurationName = Release;
		};
		DF8B47DF2F2F090100C473F8 /* Build configuration list for PBXNativeTarget "ShortcutCycleTests" */ = {
			isa = XCConfigurationList;
			buildConfigurations = (
				DF8B47DD2F2F090100C473F8 /* Debug */,
				DF8B47DE2F2F090100C473F8 /* Release */,
			);
			defaultConfigurationIsVisible = 0;
			defaultConfigurationName = Release;
		};
/* End XCConfigurationList section */

/* Begin XCRemoteSwiftPackageReference section */
		900 /* XCRemoteSwiftPackageReference "KeyboardShortcuts" */ = {
			isa = XCRemoteSwiftPackageReference;
			repositoryURL = "https://github.com/sindresorhus/KeyboardShortcuts.git";
			requirement = {
				kind = upToNextMajorVersion;
				minimumVersion = 2.0.0;
			};
		};
/* End XCRemoteSwiftPackageReference section */

/* Begin XCSwiftPackageProductDependency section */
		901 /* KeyboardShortcuts */ = {
			isa = XCSwiftPackageProductDependency;
			package = 900 /* XCRemoteSwiftPackageReference "KeyboardShortcuts" */;
			productName = KeyboardShortcuts;
		};
/* End XCSwiftPackageProductDependency section */
	};
	rootObject = 600 /* Project object */;
}
